
Microsoft Visual Studio Solution File, Format Version 12.00
# Visual Studio 15
VisualStudioVersion = 15.0.26730.15
MinimumVisualStudioVersion = 10.0.40219.1
Project("{9A19103F-16F7-4668-BE54-9A1E7A4F7556}") = "FriendlyMenu", "FriendlyMenu\FriendlyMenu.csproj", "{77BAE0CF-FAF7-4BFF-BA40-A961FD69992A}"
EndProject
Project("{9A19103F-16F7-4668-BE54-9A1E7A4F7556}") = "Managers", "Managers\Managers.csproj", "{41E43100-4FC1-4ED7-8451-AAB0963BB727}"
EndProject
Project("{9A19103F-16F7-4668-BE54-9A1E7A4F7556}") = "DataAccessors", "DataAccessors\DataAccessors.csproj", "{8387DDAE-98A6-4C76-82D5-7181B41FB227}"
EndProject
Project("{9A19103F-16F7-4668-BE54-9A1E7A4F7556}") = "Engines", "Engines\Engines.csproj", "{C2547844-AC26-47A7-93D7-FF91F14EEA7F}"
EndProject
Project("{9A19103F-16F7-4668-BE54-9A1E7A4F7556}") = "Services", "Services\Services.csproj", "{59543215-C19C-4B27-A605-CE0751536F36}"
EndProject
Project("{2150E333-8FDC-42A3-9474-1A3956D46DE8}") = "Common", "Common", "{B3857993-9867-4340-BCE5-3F435895F151}"
EndProject
Project("{9A19103F-16F7-4668-BE54-9A1E7A4F7556}") = "Interfaces", "Interfaces\Interfaces.csproj", "{849F0DBE-45C9-40A7-9F82-306FF619347E}"
EndProject
Project("{9A19103F-16F7-4668-BE54-9A1E7A4F7556}") = "ViewModels", "ViewModels\ViewModels.csproj", "{2C70F4D2-3A26-4628-9B5F-E3696D719CF6}"
EndProject
Project("{9A19103F-16F7-4668-BE54-9A1E7A4F7556}") = "ActionModels", "ActionModels\ActionModels.csproj", "{F1D41DB7-5F71-4B32-A2DC-8E17703A3FAF}"
EndProject
Project("{9A19103F-16F7-4668-BE54-9A1E7A4F7556}") = "DataModels", "DataModels\DataModels.csproj", "{96320160-23EB-4A91-BFAC-39DF72B03036}"
EndProject
Project("{9A19103F-16F7-4668-BE54-9A1E7A4F7556}") = "DbModels", "DbModels\DbModels.csproj", "{D01CABE0-52EE-414B-9C50-F149E05CC181}"
EndProject
Project("{9A19103F-16F7-4668-BE54-9A1E7A4F7556}") = "Entities", "Entities\Entities.csproj", "{A66705EA-4383-4488-932C-5D1526CD1A95}"
EndProject
Project("{9A19103F-16F7-4668-BE54-9A1E7A4F7556}") = "Misc", "Misc\Misc.csproj", "{7339EF0A-F894-4722-8270-45DC0E2D5516}"
EndProject
Project("{FAE04EC0-301F-11D3-BF4B-00C04F79EFBC}") = "Extensions", "EnumerableExtensions\Extensions.csproj", "{50E51771-B5AB-45EF-82F4-C95799C7570E}"
EndProject
Global
	GlobalSection(SolutionConfigurationPlatforms) = preSolution
		Debug|Any CPU = Debug|Any CPU
		Release|Any CPU = Release|Any CPU
	EndGlobalSection
	GlobalSection(ProjectConfigurationPlatforms) = postSolution
		{77BAE0CF-FAF7-4BFF-BA40-A961FD69992A}.Debug|Any CPU.ActiveCfg = Debug|Any CPU
		{77BAE0CF-FAF7-4BFF-BA40-A961FD69992A}.Debug|Any CPU.Build.0 = Debug|Any CPU
		{77BAE0CF-FAF7-4BFF-BA40-A961FD69992A}.Release|Any CPU.ActiveCfg = Release|Any CPU
		{77BAE0CF-FAF7-4BFF-BA40-A961FD69992A}.Release|Any CPU.Build.0 = Release|Any CPU
		{41E43100-4FC1-4ED7-8451-AAB0963BB727}.Debug|Any CPU.ActiveCfg = Debug|Any CPU
		{41E43100-4FC1-4ED7-8451-AAB0963BB727}.Debug|Any CPU.Build.0 = Debug|Any CPU
		{41E43100-4FC1-4ED7-8451-AAB0963BB727}.Release|Any CPU.ActiveCfg = Release|Any CPU
		{41E43100-4FC1-4ED7-8451-AAB0963BB727}.Release|Any CPU.Build.0 = Release|Any CPU
		{8387DDAE-98A6-4C76-82D5-7181B41FB227}.Debug|Any CPU.ActiveCfg = Debug|Any CPU
		{8387DDAE-98A6-4C76-82D5-7181B41FB227}.Debug|Any CPU.Build.0 = Debug|Any CPU
		{8387DDAE-98A6-4C76-82D5-7181B41FB227}.Release|Any CPU.ActiveCfg = Release|Any CPU
		{8387DDAE-98A6-4C76-82D5-7181B41FB227}.Release|Any CPU.Build.0 = Release|Any CPU
		{C2547844-AC26-47A7-93D7-FF91F14EEA7F}.Debug|Any CPU.ActiveCfg = Debug|Any CPU
		{C2547844-AC26-47A7-93D7-FF91F14EEA7F}.Debug|Any CPU.Build.0 = Debug|Any CPU
		{C2547844-AC26-47A7-93D7-FF91F14EEA7F}.Release|Any CPU.ActiveCfg = Release|Any CPU
		{C2547844-AC26-47A7-93D7-FF91F14EEA7F}.Release|Any CPU.Build.0 = Release|Any CPU
		{59543215-C19C-4B27-A605-CE0751536F36}.Debug|Any CPU.ActiveCfg = Debug|Any CPU
		{59543215-C19C-4B27-A605-CE0751536F36}.Debug|Any CPU.Build.0 = Debug|Any CPU
		{59543215-C19C-4B27-A605-CE0751536F36}.Release|Any CPU.ActiveCfg = Release|Any CPU
		{59543215-C19C-4B27-A605-CE0751536F36}.Release|Any CPU.Build.0 = Release|Any CPU
		{849F0DBE-45C9-40A7-9F82-306FF619347E}.Debug|Any CPU.ActiveCfg = Debug|Any CPU
		{849F0DBE-45C9-40A7-9F82-306FF619347E}.Debug|Any CPU.Build.0 = Debug|Any CPU
		{849F0DBE-45C9-40A7-9F82-306FF619347E}.Release|Any CPU.ActiveCfg = Release|Any CPU
		{849F0DBE-45C9-40A7-9F82-306FF619347E}.Release|Any CPU.Build.0 = Release|Any CPU
		{2C70F4D2-3A26-4628-9B5F-E3696D719CF6}.Debug|Any CPU.ActiveCfg = Debug|Any CPU
		{2C70F4D2-3A26-4628-9B5F-E3696D719CF6}.Debug|Any CPU.Build.0 = Debug|Any CPU
		{2C70F4D2-3A26-4628-9B5F-E3696D719CF6}.Release|Any CPU.ActiveCfg = Release|Any CPU
		{2C70F4D2-3A26-4628-9B5F-E3696D719CF6}.Release|Any CPU.Build.0 = Release|Any CPU
		{F1D41DB7-5F71-4B32-A2DC-8E17703A3FAF}.Debug|Any CPU.ActiveCfg = Debug|Any CPU
		{F1D41DB7-5F71-4B32-A2DC-8E17703A3FAF}.Debug|Any CPU.Build.0 = Debug|Any CPU
		{F1D41DB7-5F71-4B32-A2DC-8E17703A3FAF}.Release|Any CPU.ActiveCfg = Release|Any CPU
		{F1D41DB7-5F71-4B32-A2DC-8E17703A3FAF}.Release|Any CPU.Build.0 = Release|Any CPU
		{96320160-23EB-4A91-BFAC-39DF72B03036}.Debug|Any CPU.ActiveCfg = Debug|Any CPU
		{96320160-23EB-4A91-BFAC-39DF72B03036}.Debug|Any CPU.Build.0 = Debug|Any CPU
		{96320160-23EB-4A91-BFAC-39DF72B03036}.Release|Any CPU.ActiveCfg = Release|Any CPU
		{96320160-23EB-4A91-BFAC-39DF72B03036}.Release|Any CPU.Build.0 = Release|Any CPU
		{D01CABE0-52EE-414B-9C50-F149E05CC181}.Debug|Any CPU.ActiveCfg = Debug|Any CPU
		{D01CABE0-52EE-414B-9C50-F149E05CC181}.Debug|Any CPU.Build.0 = Debug|Any CPU
		{D01CABE0-52EE-414B-9C50-F149E05CC181}.Release|Any CPU.ActiveCfg = Release|Any CPU
		{D01CABE0-52EE-414B-9C50-F149E05CC181}.Release|Any CPU.Build.0 = Release|Any CPU
		{A66705EA-4383-4488-932C-5D1526CD1A95}.Debug|Any CPU.ActiveCfg = Debug|Any CPU
		{A66705EA-4383-4488-932C-5D1526CD1A95}.Debug|Any CPU.Build.0 = Debug|Any CPU
		{A66705EA-4383-4488-932C-5D1526CD1A95}.Release|Any CPU.ActiveCfg = Release|Any CPU
		{A66705EA-4383-4488-932C-5D1526CD1A95}.Release|Any CPU.Build.0 = Release|Any CPU
		{7339EF0A-F894-4722-8270-45DC0E2D5516}.Debug|Any CPU.ActiveCfg = Debug|Any CPU
		{7339EF0A-F894-4722-8270-45DC0E2D5516}.Debug|Any CPU.Build.0 = Debug|Any CPU
		{7339EF0A-F894-4722-8270-45DC0E2D5516}.Release|Any CPU.ActiveCfg = Release|Any CPU
		{7339EF0A-F894-4722-8270-45DC0E2D5516}.Release|Any CPU.Build.0 = Release|Any CPU
		{50E51771-B5AB-45EF-82F4-C95799C7570E}.Debug|Any CPU.ActiveCfg = Debug|Any CPU
		{50E51771-B5AB-45EF-82F4-C95799C7570E}.Debug|Any CPU.Build.0 = Debug|Any CPU
		{50E51771-B5AB-45EF-82F4-C95799C7570E}.Release|Any CPU.ActiveCfg = Release|Any CPU
		{50E51771-B5AB-45EF-82F4-C95799C7570E}.Release|Any CPU.Build.0 = Release|Any CPU
	EndGlobalSection
	GlobalSection(SolutionProperties) = preSolution
		HideSolutionNode = FALSE
	EndGlobalSection
	GlobalSection(NestedProjects) = preSolution
		{849F0DBE-45C9-40A7-9F82-306FF619347E} = {B3857993-9867-4340-BCE5-3F435895F151}
		{2C70F4D2-3A26-4628-9B5F-E3696D719CF6} = {B3857993-9867-4340-BCE5-3F435895F151}
		{F1D41DB7-5F71-4B32-A2DC-8E17703A3FAF} = {B3857993-9867-4340-BCE5-3F435895F151}
		{96320160-23EB-4A91-BFAC-39DF72B03036} = {B3857993-9867-4340-BCE5-3F435895F151}
		{D01CABE0-52EE-414B-9C50-F149E05CC181} = {B3857993-9867-4340-BCE5-3F435895F151}
		{A66705EA-4383-4488-932C-5D1526CD1A95} = {B3857993-9867-4340-BCE5-3F435895F151}
		{7339EF0A-F894-4722-8270-45DC0E2D5516} = {B3857993-9867-4340-BCE5-3F435895F151}
		{50E51771-B5AB-45EF-82F4-C95799C7570E} = {B3857993-9867-4340-BCE5-3F435895F151}
	EndGlobalSection
	GlobalSection(ExtensibilityGlobals) = postSolution
		SolutionGuid = {76CCCD7C-89F9-4E1C-8EF8-EEE7079EDDB9}
	EndGlobalSection
EndGlobal
